// !$*UTF8*$!
{
	archiveVersion = 1;
	classes = {
	};
	objectVersion = 52;
	objects = {

/* Begin PBXBuildFile section */
		7A0B8EAF272ABB7800444636 /* Kingfisher in Frameworks */ = {isa = PBXBuildFile; productRef = 7A0B8EAE272ABB7800444636 /* Kingfisher */; };
		7A41C26A2733D65A00906086 /* MovieViewModel.swift in Sources */ = {isa = PBXBuildFile; fileRef = 7A41C2392733D65A00906086 /* MovieViewModel.swift */; };
		7A41C26B2733D65A00906086 /* MovieListTableViewCell.swift in Sources */ = {isa = PBXBuildFile; fileRef = 7A41C23B2733D65A00906086 /* MovieListTableViewCell.swift */; };
		7A41C26C2733D65A00906086 /* MainPageViewController.swift in Sources */ = {isa = PBXBuildFile; fileRef = 7A41C23D2733D65A00906086 /* MainPageViewController.swift */; };
		7A41C26D2733D65A00906086 /* MainScreenBuilder.swift in Sources */ = {isa = PBXBuildFile; fileRef = 7A41C23E2733D65A00906086 /* MainScreenBuilder.swift */; };
		7A41C26E2733D65A00906086 /* MainScreenApi.swift in Sources */ = {isa = PBXBuildFile; fileRef = 7A41C2402733D65A00906086 /* MainScreenApi.swift */; };
		7A41C26F2733D65A00906086 /* MainScreenView.swift in Sources */ = {isa = PBXBuildFile; fileRef = 7A41C2422733D65A00906086 /* MainScreenView.swift */; };
		7A41C2702733D65A00906086 /* UIImageView+Extension.swift in Sources */ = {isa = PBXBuildFile; fileRef = 7A41C2442733D65A00906086 /* UIImageView+Extension.swift */; };
		7A41C2712733D65A00906086 /* UIViewController+Extensions.swift in Sources */ = {isa = PBXBuildFile; fileRef = 7A41C2452733D65A00906086 /* UIViewController+Extensions.swift */; };
		7A41C2722733D65A00906086 /* UIColor+Extension.swift in Sources */ = {isa = PBXBuildFile; fileRef = 7A41C2462733D65A00906086 /* UIColor+Extension.swift */; };
		7A41C2732733D65A00906086 /* UIView+Extensions.swift in Sources */ = {isa = PBXBuildFile; fileRef = 7A41C2472733D65A00906086 /* UIView+Extensions.swift */; };
		7A41C2742733D65A00906086 /* UILabel+Extension.swift in Sources */ = {isa = PBXBuildFile; fileRef = 7A41C2482733D65A00906086 /* UILabel+Extension.swift */; };
		7A41C2752733D65A00906086 /* UIButton+Extension.swift in Sources */ = {isa = PBXBuildFile; fileRef = 7A41C2492733D65A00906086 /* UIButton+Extension.swift */; };
		7A41C2762733D65A00906086 /* UISearchBar+Extensions.swift in Sources */ = {isa = PBXBuildFile; fileRef = 7A41C24A2733D65A00906086 /* UISearchBar+Extensions.swift */; };
		7A41C2772733D65A00906086 /* UICollectionView+Extension.swift in Sources */ = {isa = PBXBuildFile; fileRef = 7A41C24B2733D65A00906086 /* UICollectionView+Extension.swift */; };
		7A41C2782733D65A00906086 /* NSObject+Extensions.swift in Sources */ = {isa = PBXBuildFile; fileRef = 7A41C24C2733D65A00906086 /* NSObject+Extensions.swift */; };
		7A41C2792733D65A00906086 /* UIStackView+Extensions.swift in Sources */ = {isa = PBXBuildFile; fileRef = 7A41C24D2733D65A00906086 /* UIStackView+Extensions.swift */; };
		7A41C27A2733D65A00906086 /* Optional+Extensions.swift in Sources */ = {isa = PBXBuildFile; fileRef = 7A41C24E2733D65A00906086 /* Optional+Extensions.swift */; };
		7A41C27B2733D65A00906086 /* UITableView+Extension.swift in Sources */ = {isa = PBXBuildFile; fileRef = 7A41C24F2733D65A00906086 /* UITableView+Extension.swift */; };
		7A41C27C2733D65A00906086 /* PersonDetailViewModel.swift in Sources */ = {isa = PBXBuildFile; fileRef = 7A41C2522733D65A00906086 /* PersonDetailViewModel.swift */; };
		7A41C27D2733D65A00906086 /* PersonDetailCollectionViewCell.swift in Sources */ = {isa = PBXBuildFile; fileRef = 7A41C2542733D65A00906086 /* PersonDetailCollectionViewCell.swift */; };
		7A41C27E2733D65A00906086 /* PersonDetailViewController.swift in Sources */ = {isa = PBXBuildFile; fileRef = 7A41C2562733D65A00906086 /* PersonDetailViewController.swift */; };
		7A41C27F2733D65A00906086 /* PersonDetailBuilder.swift in Sources */ = {isa = PBXBuildFile; fileRef = 7A41C2572733D65A00906086 /* PersonDetailBuilder.swift */; };
		7A41C2802733D65A00906086 /* PersonDetailApi.swift in Sources */ = {isa = PBXBuildFile; fileRef = 7A41C2592733D65A00906086 /* PersonDetailApi.swift */; };
		7A41C2812733D65A00906086 /* PersonDetailView.swift in Sources */ = {isa = PBXBuildFile; fileRef = 7A41C25B2733D65A00906086 /* PersonDetailView.swift */; };
		7A41C2822733D65A00906086 /* MovieDetailViewModel.swift in Sources */ = {isa = PBXBuildFile; fileRef = 7A41C25E2733D65A00906086 /* MovieDetailViewModel.swift */; };
		7A41C2832733D65A00906086 /* MovieDetailCollectionViewCell.swift in Sources */ = {isa = PBXBuildFile; fileRef = 7A41C2602733D65A00906086 /* MovieDetailCollectionViewCell.swift */; };
		7A41C2842733D65A00906086 /* MovieDetailBuilder.swift in Sources */ = {isa = PBXBuildFile; fileRef = 7A41C2612733D65A00906086 /* MovieDetailBuilder.swift */; };
		7A41C2852733D65A00906086 /* MovieDetailViewController.swift in Sources */ = {isa = PBXBuildFile; fileRef = 7A41C2632733D65A00906086 /* MovieDetailViewController.swift */; };
		7A41C2862733D65A00906086 /* MovieDetailApi.swift in Sources */ = {isa = PBXBuildFile; fileRef = 7A41C2652733D65A00906086 /* MovieDetailApi.swift */; };
		7A41C2872733D65A00906086 /* MovieDetailView.swift in Sources */ = {isa = PBXBuildFile; fileRef = 7A41C2672733D65A00906086 /* MovieDetailView.swift */; };
		7A41C2882733D65A00906086 /* SearchBar.swift in Sources */ = {isa = PBXBuildFile; fileRef = 7A41C2692733D65A00906086 /* SearchBar.swift */; };
		7A41C2B82734509700906086 /* URLRequest+Extensions.swift in Sources */ = {isa = PBXBuildFile; fileRef = 7A41C2AD2734509700906086 /* URLRequest+Extensions.swift */; };
		7A41C2B92734509700906086 /* URL+Extensions.swift in Sources */ = {isa = PBXBuildFile; fileRef = 7A41C2AE2734509700906086 /* URL+Extensions.swift */; };
		7A41C2BA2734509700906086 /* Movie.swift in Sources */ = {isa = PBXBuildFile; fileRef = 7A41C2B02734509700906086 /* Movie.swift */; };
		7A41C2BB2734509700906086 /* Person.swift in Sources */ = {isa = PBXBuildFile; fileRef = 7A41C2B12734509700906086 /* Person.swift */; };
		7A41C2BC2734509700906086 /* PersonCastResults.swift in Sources */ = {isa = PBXBuildFile; fileRef = 7A41C2B22734509700906086 /* PersonCastResults.swift */; };
		7A41C2BD2734509700906086 /* Cast.swift in Sources */ = {isa = PBXBuildFile; fileRef = 7A41C2B32734509700906086 /* Cast.swift */; };
		7A41C2BE2734509700906086 /* MovieResults.swift in Sources */ = {isa = PBXBuildFile; fileRef = 7A41C2B42734509700906086 /* MovieResults.swift */; };
		7A41C2BF2734509700906086 /* MultiSearch.swift in Sources */ = {isa = PBXBuildFile; fileRef = 7A41C2B52734509700906086 /* MultiSearch.swift */; };
		7A41C2C02734509700906086 /* Video.swift in Sources */ = {isa = PBXBuildFile; fileRef = 7A41C2B62734509700906086 /* Video.swift */; };
		7A41C2C12734509700906086 /* CastResults.swift in Sources */ = {isa = PBXBuildFile; fileRef = 7A41C2B72734509700906086 /* CastResults.swift */; };
		7AFC31B42728111E00A8315F /* AppDelegate.swift in Sources */ = {isa = PBXBuildFile; fileRef = 7AFC31B32728111E00A8315F /* AppDelegate.swift */; };
		7AFC31B62728111E00A8315F /* SceneDelegate.swift in Sources */ = {isa = PBXBuildFile; fileRef = 7AFC31B52728111E00A8315F /* SceneDelegate.swift */; };
		7AFC31BD2728112000A8315F /* Assets.xcassets in Resources */ = {isa = PBXBuildFile; fileRef = 7AFC31BC2728112000A8315F /* Assets.xcassets */; };
		7AFC31C02728112000A8315F /* LaunchScreen.storyboard in Resources */ = {isa = PBXBuildFile; fileRef = 7AFC31BE2728112000A8315F /* LaunchScreen.storyboard */; };
		7AFC31CB2728112000A8315F /* AdvancedMovieAppTests.swift in Sources */ = {isa = PBXBuildFile; fileRef = 7AFC31CA2728112000A8315F /* AdvancedMovieAppTests.swift */; };
		7AFC31D62728112000A8315F /* AdvancedMovieAppUITests.swift in Sources */ = {isa = PBXBuildFile; fileRef = 7AFC31D52728112000A8315F /* AdvancedMovieAppUITests.swift */; };
		7AFC31EA272811C700A8315F /* AppContainer.swift in Sources */ = {isa = PBXBuildFile; fileRef = 7AFC31E9272811C700A8315F /* AppContainer.swift */; };
		7AFC31EC272811D200A8315F /* AppRouter.swift in Sources */ = {isa = PBXBuildFile; fileRef = 7AFC31EB272811D200A8315F /* AppRouter.swift */; };
		7AFC31FD2728136E00A8315F /* RxCocoa in Frameworks */ = {isa = PBXBuildFile; productRef = 7AFC31FC2728136E00A8315F /* RxCocoa */; };
		7AFC31FF2728136E00A8315F /* RxSwift in Frameworks */ = {isa = PBXBuildFile; productRef = 7AFC31FE2728136E00A8315F /* RxSwift */; };
/* End PBXBuildFile section */

/* Begin PBXContainerItemProxy section */
		7AFC31C72728112000A8315F /* PBXContainerItemProxy */ = {
			isa = PBXContainerItemProxy;
			containerPortal = 7AFC31A82728111E00A8315F /* Project object */;
			proxyType = 1;
			remoteGlobalIDString = 7AFC31AF2728111E00A8315F;
			remoteInfo = AdvancedMovieApp;
		};
		7AFC31D22728112000A8315F /* PBXContainerItemProxy */ = {
			isa = PBXContainerItemProxy;
			containerPortal = 7AFC31A82728111E00A8315F /* Project object */;
			proxyType = 1;
			remoteGlobalIDString = 7AFC31AF2728111E00A8315F;
			remoteInfo = AdvancedMovieApp;
		};
/* End PBXContainerItemProxy section */

/* Begin PBXFileReference section */
		7A41C2392733D65A00906086 /* MovieViewModel.swift */ = {isa = PBXFileReference; fileEncoding = 4; lastKnownFileType = sourcecode.swift; path = MovieViewModel.swift; sourceTree = "<group>"; };
		7A41C23B2733D65A00906086 /* MovieListTableViewCell.swift */ = {isa = PBXFileReference; fileEncoding = 4; lastKnownFileType = sourcecode.swift; path = MovieListTableViewCell.swift; sourceTree = "<group>"; };
		7A41C23D2733D65A00906086 /* MainPageViewController.swift */ = {isa = PBXFileReference; fileEncoding = 4; lastKnownFileType = sourcecode.swift; path = MainPageViewController.swift; sourceTree = "<group>"; };
		7A41C23E2733D65A00906086 /* MainScreenBuilder.swift */ = {isa = PBXFileReference; fileEncoding = 4; lastKnownFileType = sourcecode.swift; path = MainScreenBuilder.swift; sourceTree = "<group>"; };
		7A41C2402733D65A00906086 /* MainScreenApi.swift */ = {isa = PBXFileReference; fileEncoding = 4; lastKnownFileType = sourcecode.swift; path = MainScreenApi.swift; sourceTree = "<group>"; };
		7A41C2422733D65A00906086 /* MainScreenView.swift */ = {isa = PBXFileReference; fileEncoding = 4; lastKnownFileType = sourcecode.swift; path = MainScreenView.swift; sourceTree = "<group>"; };
		7A41C2442733D65A00906086 /* UIImageView+Extension.swift */ = {isa = PBXFileReference; fileEncoding = 4; lastKnownFileType = sourcecode.swift; path = "UIImageView+Extension.swift"; sourceTree = "<group>"; };
		7A41C2452733D65A00906086 /* UIViewController+Extensions.swift */ = {isa = PBXFileReference; fileEncoding = 4; lastKnownFileType = sourcecode.swift; path = "UIViewController+Extensions.swift"; sourceTree = "<group>"; };
		7A41C2462733D65A00906086 /* UIColor+Extension.swift */ = {isa = PBXFileReference; fileEncoding = 4; lastKnownFileType = sourcecode.swift; path = "UIColor+Extension.swift"; sourceTree = "<group>"; };
		7A41C2472733D65A00906086 /* UIView+Extensions.swift */ = {isa = PBXFileReference; fileEncoding = 4; lastKnownFileType = sourcecode.swift; path = "UIView+Extensions.swift"; sourceTree = "<group>"; };
		7A41C2482733D65A00906086 /* UILabel+Extension.swift */ = {isa = PBXFileReference; fileEncoding = 4; lastKnownFileType = sourcecode.swift; path = "UILabel+Extension.swift"; sourceTree = "<group>"; };
		7A41C2492733D65A00906086 /* UIButton+Extension.swift */ = {isa = PBXFileReference; fileEncoding = 4; lastKnownFileType = sourcecode.swift; path = "UIButton+Extension.swift"; sourceTree = "<group>"; };
		7A41C24A2733D65A00906086 /* UISearchBar+Extensions.swift */ = {isa = PBXFileReference; fileEncoding = 4; lastKnownFileType = sourcecode.swift; path = "UISearchBar+Extensions.swift"; sourceTree = "<group>"; };
		7A41C24B2733D65A00906086 /* UICollectionView+Extension.swift */ = {isa = PBXFileReference; fileEncoding = 4; lastKnownFileType = sourcecode.swift; path = "UICollectionView+Extension.swift"; sourceTree = "<group>"; };
		7A41C24C2733D65A00906086 /* NSObject+Extensions.swift */ = {isa = PBXFileReference; fileEncoding = 4; lastKnownFileType = sourcecode.swift; path = "NSObject+Extensions.swift"; sourceTree = "<group>"; };
		7A41C24D2733D65A00906086 /* UIStackView+Extensions.swift */ = {isa = PBXFileReference; fileEncoding = 4; lastKnownFileType = sourcecode.swift; path = "UIStackView+Extensions.swift"; sourceTree = "<group>"; };
		7A41C24E2733D65A00906086 /* Optional+Extensions.swift */ = {isa = PBXFileReference; fileEncoding = 4; lastKnownFileType = sourcecode.swift; path = "Optional+Extensions.swift"; sourceTree = "<group>"; };
		7A41C24F2733D65A00906086 /* UITableView+Extension.swift */ = {isa = PBXFileReference; fileEncoding = 4; lastKnownFileType = sourcecode.swift; path = "UITableView+Extension.swift"; sourceTree = "<group>"; };
		7A41C2522733D65A00906086 /* PersonDetailViewModel.swift */ = {isa = PBXFileReference; fileEncoding = 4; lastKnownFileType = sourcecode.swift; path = PersonDetailViewModel.swift; sourceTree = "<group>"; };
		7A41C2542733D65A00906086 /* PersonDetailCollectionViewCell.swift */ = {isa = PBXFileReference; fileEncoding = 4; lastKnownFileType = sourcecode.swift; path = PersonDetailCollectionViewCell.swift; sourceTree = "<group>"; };
		7A41C2562733D65A00906086 /* PersonDetailViewController.swift */ = {isa = PBXFileReference; fileEncoding = 4; lastKnownFileType = sourcecode.swift; path = PersonDetailViewController.swift; sourceTree = "<group>"; };
		7A41C2572733D65A00906086 /* PersonDetailBuilder.swift */ = {isa = PBXFileReference; fileEncoding = 4; lastKnownFileType = sourcecode.swift; path = PersonDetailBuilder.swift; sourceTree = "<group>"; };
		7A41C2592733D65A00906086 /* PersonDetailApi.swift */ = {isa = PBXFileReference; fileEncoding = 4; lastKnownFileType = sourcecode.swift; path = PersonDetailApi.swift; sourceTree = "<group>"; };
		7A41C25B2733D65A00906086 /* PersonDetailView.swift */ = {isa = PBXFileReference; fileEncoding = 4; lastKnownFileType = sourcecode.swift; path = PersonDetailView.swift; sourceTree = "<group>"; };
		7A41C25E2733D65A00906086 /* MovieDetailViewModel.swift */ = {isa = PBXFileReference; fileEncoding = 4; lastKnownFileType = sourcecode.swift; path = MovieDetailViewModel.swift; sourceTree = "<group>"; };
		7A41C2602733D65A00906086 /* MovieDetailCollectionViewCell.swift */ = {isa = PBXFileReference; fileEncoding = 4; lastKnownFileType = sourcecode.swift; path = MovieDetailCollectionViewCell.swift; sourceTree = "<group>"; };
		7A41C2612733D65A00906086 /* MovieDetailBuilder.swift */ = {isa = PBXFileReference; fileEncoding = 4; lastKnownFileType = sourcecode.swift; path = MovieDetailBuilder.swift; sourceTree = "<group>"; };
		7A41C2632733D65A00906086 /* MovieDetailViewController.swift */ = {isa = PBXFileReference; fileEncoding = 4; lastKnownFileType = sourcecode.swift; path = MovieDetailViewController.swift; sourceTree = "<group>"; };
		7A41C2652733D65A00906086 /* MovieDetailApi.swift */ = {isa = PBXFileReference; fileEncoding = 4; lastKnownFileType = sourcecode.swift; path = MovieDetailApi.swift; sourceTree = "<group>"; };
		7A41C2672733D65A00906086 /* MovieDetailView.swift */ = {isa = PBXFileReference; fileEncoding = 4; lastKnownFileType = sourcecode.swift; path = MovieDetailView.swift; sourceTree = "<group>"; };
		7A41C2692733D65A00906086 /* SearchBar.swift */ = {isa = PBXFileReference; fileEncoding = 4; lastKnownFileType = sourcecode.swift; path = SearchBar.swift; sourceTree = "<group>"; };
		7A41C2AD2734509700906086 /* URLRequest+Extensions.swift */ = {isa = PBXFileReference; fileEncoding = 4; lastKnownFileType = sourcecode.swift; path = "URLRequest+Extensions.swift"; sourceTree = "<group>"; };
		7A41C2AE2734509700906086 /* URL+Extensions.swift */ = {isa = PBXFileReference; fileEncoding = 4; lastKnownFileType = sourcecode.swift; path = "URL+Extensions.swift"; sourceTree = "<group>"; };
		7A41C2B02734509700906086 /* Movie.swift */ = {isa = PBXFileReference; fileEncoding = 4; lastKnownFileType = sourcecode.swift; path = Movie.swift; sourceTree = "<group>"; };
		7A41C2B12734509700906086 /* Person.swift */ = {isa = PBXFileReference; fileEncoding = 4; lastKnownFileType = sourcecode.swift; path = Person.swift; sourceTree = "<group>"; };
		7A41C2B22734509700906086 /* PersonCastResults.swift */ = {isa = PBXFileReference; fileEncoding = 4; lastKnownFileType = sourcecode.swift; path = PersonCastResults.swift; sourceTree = "<group>"; };
		7A41C2B32734509700906086 /* Cast.swift */ = {isa = PBXFileReference; fileEncoding = 4; lastKnownFileType = sourcecode.swift; path = Cast.swift; sourceTree = "<group>"; };
		7A41C2B42734509700906086 /* MovieResults.swift */ = {isa = PBXFileReference; fileEncoding = 4; lastKnownFileType = sourcecode.swift; path = MovieResults.swift; sourceTree = "<group>"; };
		7A41C2B52734509700906086 /* MultiSearch.swift */ = {isa = PBXFileReference; fileEncoding = 4; lastKnownFileType = sourcecode.swift; path = MultiSearch.swift; sourceTree = "<group>"; };
		7A41C2B62734509700906086 /* Video.swift */ = {isa = PBXFileReference; fileEncoding = 4; lastKnownFileType = sourcecode.swift; path = Video.swift; sourceTree = "<group>"; };
		7A41C2B72734509700906086 /* CastResults.swift */ = {isa = PBXFileReference; fileEncoding = 4; lastKnownFileType = sourcecode.swift; path = CastResults.swift; sourceTree = "<group>"; };
		7AFC31B02728111E00A8315F /* AdvancedMovieApp.app */ = {isa = PBXFileReference; explicitFileType = wrapper.application; includeInIndex = 0; path = AdvancedMovieApp.app; sourceTree = BUILT_PRODUCTS_DIR; };
		7AFC31B32728111E00A8315F /* AppDelegate.swift */ = {isa = PBXFileReference; lastKnownFileType = sourcecode.swift; path = AppDelegate.swift; sourceTree = "<group>"; };
		7AFC31B52728111E00A8315F /* SceneDelegate.swift */ = {isa = PBXFileReference; lastKnownFileType = sourcecode.swift; path = SceneDelegate.swift; sourceTree = "<group>"; };
		7AFC31BC2728112000A8315F /* Assets.xcassets */ = {isa = PBXFileReference; lastKnownFileType = folder.assetcatalog; path = Assets.xcassets; sourceTree = "<group>"; };
		7AFC31BF2728112000A8315F /* Base */ = {isa = PBXFileReference; lastKnownFileType = file.storyboard; name = Base; path = Base.lproj/LaunchScreen.storyboard; sourceTree = "<group>"; };
		7AFC31C12728112000A8315F /* Info.plist */ = {isa = PBXFileReference; lastKnownFileType = text.plist.xml; path = Info.plist; sourceTree = "<group>"; };
		7AFC31C62728112000A8315F /* AdvancedMovieAppTests.xctest */ = {isa = PBXFileReference; explicitFileType = wrapper.cfbundle; includeInIndex = 0; path = AdvancedMovieAppTests.xctest; sourceTree = BUILT_PRODUCTS_DIR; };
		7AFC31CA2728112000A8315F /* AdvancedMovieAppTests.swift */ = {isa = PBXFileReference; lastKnownFileType = sourcecode.swift; path = AdvancedMovieAppTests.swift; sourceTree = "<group>"; };
		7AFC31CC2728112000A8315F /* Info.plist */ = {isa = PBXFileReference; lastKnownFileType = text.plist.xml; path = Info.plist; sourceTree = "<group>"; };
		7AFC31D12728112000A8315F /* AdvancedMovieAppUITests.xctest */ = {isa = PBXFileReference; explicitFileType = wrapper.cfbundle; includeInIndex = 0; path = AdvancedMovieAppUITests.xctest; sourceTree = BUILT_PRODUCTS_DIR; };
		7AFC31D52728112000A8315F /* AdvancedMovieAppUITests.swift */ = {isa = PBXFileReference; lastKnownFileType = sourcecode.swift; path = AdvancedMovieAppUITests.swift; sourceTree = "<group>"; };
		7AFC31D72728112000A8315F /* Info.plist */ = {isa = PBXFileReference; lastKnownFileType = text.plist.xml; path = Info.plist; sourceTree = "<group>"; };
		7AFC31E9272811C700A8315F /* AppContainer.swift */ = {isa = PBXFileReference; lastKnownFileType = sourcecode.swift; path = AppContainer.swift; sourceTree = "<group>"; };
		7AFC31EB272811D200A8315F /* AppRouter.swift */ = {isa = PBXFileReference; lastKnownFileType = sourcecode.swift; path = AppRouter.swift; sourceTree = "<group>"; };
/* End PBXFileReference section */

/* Begin PBXFrameworksBuildPhase section */
		7AFC31AD2728111E00A8315F /* Frameworks */ = {
			isa = PBXFrameworksBuildPhase;
			buildActionMask = 2147483647;
			files = (
				7A0B8EAF272ABB7800444636 /* Kingfisher in Frameworks */,
				7AFC31FF2728136E00A8315F /* RxSwift in Frameworks */,
				7AFC31FD2728136E00A8315F /* RxCocoa in Frameworks */,
			);
			runOnlyForDeploymentPostprocessing = 0;
		};
		7AFC31C32728112000A8315F /* Frameworks */ = {
			isa = PBXFrameworksBuildPhase;
			buildActionMask = 2147483647;
			files = (
			);
			runOnlyForDeploymentPostprocessing = 0;
		};
		7AFC31CE2728112000A8315F /* Frameworks */ = {
			isa = PBXFrameworksBuildPhase;
			buildActionMask = 2147483647;
			files = (
			);
			runOnlyForDeploymentPostprocessing = 0;
		};
/* End PBXFrameworksBuildPhase section */

/* Begin PBXGroup section */
		7A41C2362733D65A00906086 /* Scenes */ = {
			isa = PBXGroup;
			children = (
				7A41C2372733D65A00906086 /* MainScreen */,
				7A41C2502733D65A00906086 /* PersonDetailScreen */,
				7A41C25C2733D65A00906086 /* MovieDetailScreen */,
			);
			path = Scenes;
			sourceTree = "<group>";
		};
		7A41C2372733D65A00906086 /* MainScreen */ = {
			isa = PBXGroup;
			children = (
				7A41C23E2733D65A00906086 /* MainScreenBuilder.swift */,
				7A41C23F2733D65A00906086 /* Api */,
				7A41C23A2733D65A00906086 /* Cells */,
				7A41C2412733D65A00906086 /* Views */,
				7A41C2382733D65A00906086 /* ViewModels */,
				7A41C23C2733D65A00906086 /* ViewControllers */,
			);
			path = MainScreen;
			sourceTree = "<group>";
		};
		7A41C2382733D65A00906086 /* ViewModels */ = {
			isa = PBXGroup;
			children = (
				7A41C2392733D65A00906086 /* MovieViewModel.swift */,
			);
			path = ViewModels;
			sourceTree = "<group>";
		};
		7A41C23A2733D65A00906086 /* Cells */ = {
			isa = PBXGroup;
			children = (
				7A41C23B2733D65A00906086 /* MovieListTableViewCell.swift */,
			);
			path = Cells;
			sourceTree = "<group>";
		};
		7A41C23C2733D65A00906086 /* ViewControllers */ = {
			isa = PBXGroup;
			children = (
				7A41C23D2733D65A00906086 /* MainPageViewController.swift */,
			);
			path = ViewControllers;
			sourceTree = "<group>";
		};
		7A41C23F2733D65A00906086 /* Api */ = {
			isa = PBXGroup;
			children = (
				7A41C2402733D65A00906086 /* MainScreenApi.swift */,
			);
			path = Api;
			sourceTree = "<group>";
		};
		7A41C2412733D65A00906086 /* Views */ = {
			isa = PBXGroup;
			children = (
				7A41C2422733D65A00906086 /* MainScreenView.swift */,
			);
			path = Views;
			sourceTree = "<group>";
		};
		7A41C2432733D65A00906086 /* Extensions */ = {
			isa = PBXGroup;
			children = (
				7A41C2442733D65A00906086 /* UIImageView+Extension.swift */,
				7A41C2452733D65A00906086 /* UIViewController+Extensions.swift */,
				7A41C2462733D65A00906086 /* UIColor+Extension.swift */,
				7A41C2472733D65A00906086 /* UIView+Extensions.swift */,
				7A41C2482733D65A00906086 /* UILabel+Extension.swift */,
				7A41C2492733D65A00906086 /* UIButton+Extension.swift */,
				7A41C24A2733D65A00906086 /* UISearchBar+Extensions.swift */,
				7A41C24B2733D65A00906086 /* UICollectionView+Extension.swift */,
				7A41C24C2733D65A00906086 /* NSObject+Extensions.swift */,
				7A41C24D2733D65A00906086 /* UIStackView+Extensions.swift */,
				7A41C24E2733D65A00906086 /* Optional+Extensions.swift */,
				7A41C24F2733D65A00906086 /* UITableView+Extension.swift */,
			);
			path = Extensions;
			sourceTree = "<group>";
		};
		7A41C2502733D65A00906086 /* PersonDetailScreen */ = {
			isa = PBXGroup;
			children = (
				7A41C2572733D65A00906086 /* PersonDetailBuilder.swift */,
				7A41C2582733D65A00906086 /* Api */,
				7A41C25A2733D65A00906086 /* Views */,
				7A41C2532733D65A00906086 /* Cells */,
				7A41C2512733D65A00906086 /* ViewModels */,
				7A41C2552733D65A00906086 /* ViewControllers */,
			);
			path = PersonDetailScreen;
			sourceTree = "<group>";
		};
		7A41C2512733D65A00906086 /* ViewModels */ = {
			isa = PBXGroup;
			children = (
				7A41C2522733D65A00906086 /* PersonDetailViewModel.swift */,
			);
			path = ViewModels;
			sourceTree = "<group>";
		};
		7A41C2532733D65A00906086 /* Cells */ = {
			isa = PBXGroup;
			children = (
				7A41C2542733D65A00906086 /* PersonDetailCollectionViewCell.swift */,
			);
			path = Cells;
			sourceTree = "<group>";
		};
		7A41C2552733D65A00906086 /* ViewControllers */ = {
			isa = PBXGroup;
			children = (
				7A41C2562733D65A00906086 /* PersonDetailViewController.swift */,
			);
			path = ViewControllers;
			sourceTree = "<group>";
		};
		7A41C2582733D65A00906086 /* Api */ = {
			isa = PBXGroup;
			children = (
				7A41C2592733D65A00906086 /* PersonDetailApi.swift */,
			);
			path = Api;
			sourceTree = "<group>";
		};
		7A41C25A2733D65A00906086 /* Views */ = {
			isa = PBXGroup;
			children = (
				7A41C25B2733D65A00906086 /* PersonDetailView.swift */,
			);
			path = Views;
			sourceTree = "<group>";
		};
		7A41C25C2733D65A00906086 /* MovieDetailScreen */ = {
			isa = PBXGroup;
			children = (
				7A41C2612733D65A00906086 /* MovieDetailBuilder.swift */,
				7A41C2642733D65A00906086 /* Api */,
				7A41C25F2733D65A00906086 /* Cells */,
				7A41C2662733D65A00906086 /* Views */,
				7A41C25D2733D65A00906086 /* ViewModels */,
				7A41C2622733D65A00906086 /* ViewControllers */,
			);
			path = MovieDetailScreen;
			sourceTree = "<group>";
		};
		7A41C25D2733D65A00906086 /* ViewModels */ = {
			isa = PBXGroup;
			children = (
				7A41C25E2733D65A00906086 /* MovieDetailViewModel.swift */,
			);
			path = ViewModels;
			sourceTree = "<group>";
		};
		7A41C25F2733D65A00906086 /* Cells */ = {
			isa = PBXGroup;
			children = (
				7A41C2602733D65A00906086 /* MovieDetailCollectionViewCell.swift */,
			);
			path = Cells;
			sourceTree = "<group>";
		};
		7A41C2622733D65A00906086 /* ViewControllers */ = {
			isa = PBXGroup;
			children = (
				7A41C2632733D65A00906086 /* MovieDetailViewController.swift */,
			);
			path = ViewControllers;
			sourceTree = "<group>";
		};
		7A41C2642733D65A00906086 /* Api */ = {
			isa = PBXGroup;
			children = (
				7A41C2652733D65A00906086 /* MovieDetailApi.swift */,
			);
			path = Api;
			sourceTree = "<group>";
		};
		7A41C2662733D65A00906086 /* Views */ = {
			isa = PBXGroup;
			children = (
				7A41C2672733D65A00906086 /* MovieDetailView.swift */,
			);
			path = Views;
			sourceTree = "<group>";
		};
		7A41C2682733D65A00906086 /* CustomViews */ = {
			isa = PBXGroup;
			children = (
				7A41C2692733D65A00906086 /* SearchBar.swift */,
			);
			path = CustomViews;
			sourceTree = "<group>";
		};
		7A41C2AB2734509700906086 /* Api */ = {
			isa = PBXGroup;
			children = (
				7A41C2AC2734509700906086 /* Extensions */,
				7A41C2AF2734509700906086 /* DTOs */,
			);
			path = Api;
			sourceTree = "<group>";
		};
		7A41C2AC2734509700906086 /* Extensions */ = {
			isa = PBXGroup;
			children = (
				7A41C2AD2734509700906086 /* URLRequest+Extensions.swift */,
				7A41C2AE2734509700906086 /* URL+Extensions.swift */,
			);
			path = Extensions;
			sourceTree = "<group>";
		};
		7A41C2AF2734509700906086 /* DTOs */ = {
			isa = PBXGroup;
			children = (
				7A41C2B02734509700906086 /* Movie.swift */,
				7A41C2B12734509700906086 /* Person.swift */,
				7A41C2B22734509700906086 /* PersonCastResults.swift */,
				7A41C2B32734509700906086 /* Cast.swift */,
				7A41C2B42734509700906086 /* MovieResults.swift */,
				7A41C2B52734509700906086 /* MultiSearch.swift */,
				7A41C2B62734509700906086 /* Video.swift */,
				7A41C2B72734509700906086 /* CastResults.swift */,
			);
			path = DTOs;
			sourceTree = "<group>";
		};
		7AFC31A72728111E00A8315F = {
			isa = PBXGroup;
			children = (
				7AFC31B22728111E00A8315F /* AdvancedMovieApp */,
				7AFC31C92728112000A8315F /* AdvancedMovieAppTests */,
				7AFC31D42728112000A8315F /* AdvancedMovieAppUITests */,
				7AFC31B12728111E00A8315F /* Products */,
			);
			sourceTree = "<group>";
		};
		7AFC31B12728111E00A8315F /* Products */ = {
			isa = PBXGroup;
			children = (
				7AFC31B02728111E00A8315F /* AdvancedMovieApp.app */,
				7AFC31C62728112000A8315F /* AdvancedMovieAppTests.xctest */,
				7AFC31D12728112000A8315F /* AdvancedMovieAppUITests.xctest */,
			);
			name = Products;
			sourceTree = "<group>";
		};
		7AFC31B22728111E00A8315F /* AdvancedMovieApp */ = {
			isa = PBXGroup;
			children = (
				7AFC31E82728119D00A8315F /* App */,
				7AFC31B52728111E00A8315F /* SceneDelegate.swift */,
				7A41C2362733D65A00906086 /* Scenes */,
				7A41C2432733D65A00906086 /* Extensions */,
				7A41C2682733D65A00906086 /* CustomViews */,
				7A41C2AB2734509700906086 /* Api */,
				7AFC31BC2728112000A8315F /* Assets.xcassets */,
				7AFC31BE2728112000A8315F /* LaunchScreen.storyboard */,
				7AFC31C12728112000A8315F /* Info.plist */,
			);
			path = AdvancedMovieApp;
			sourceTree = "<group>";
		};
		7AFC31C92728112000A8315F /* AdvancedMovieAppTests */ = {
			isa = PBXGroup;
			children = (
				7AFC31CA2728112000A8315F /* AdvancedMovieAppTests.swift */,
				7AFC31CC2728112000A8315F /* Info.plist */,
			);
			path = AdvancedMovieAppTests;
			sourceTree = "<group>";
		};
		7AFC31D42728112000A8315F /* AdvancedMovieAppUITests */ = {
			isa = PBXGroup;
			children = (
				7AFC31D52728112000A8315F /* AdvancedMovieAppUITests.swift */,
				7AFC31D72728112000A8315F /* Info.plist */,
			);
			path = AdvancedMovieAppUITests;
			sourceTree = "<group>";
		};
		7AFC31E82728119D00A8315F /* App */ = {
			isa = PBXGroup;
			children = (
				7AFC31B32728111E00A8315F /* AppDelegate.swift */,
				7AFC31E9272811C700A8315F /* AppContainer.swift */,
				7AFC31EB272811D200A8315F /* AppRouter.swift */,
			);
			path = App;
			sourceTree = "<group>";
		};
/* End PBXGroup section */

/* Begin PBXNativeTarget section */
		7AFC31AF2728111E00A8315F /* AdvancedMovieApp */ = {
			isa = PBXNativeTarget;
			buildConfigurationList = 7AFC31DA2728112000A8315F /* Build configuration list for PBXNativeTarget "AdvancedMovieApp" */;
			buildPhases = (
				7AFC31AC2728111E00A8315F /* Sources */,
				7AFC31AD2728111E00A8315F /* Frameworks */,
				7AFC31AE2728111E00A8315F /* Resources */,
			);
			buildRules = (
			);
			dependencies = (
			);
			name = AdvancedMovieApp;
			packageProductDependencies = (
				7AFC31FC2728136E00A8315F /* RxCocoa */,
				7AFC31FE2728136E00A8315F /* RxSwift */,
				7A0B8EAE272ABB7800444636 /* Kingfisher */,
			);
			productName = AdvancedMovieApp;
			productReference = 7AFC31B02728111E00A8315F /* AdvancedMovieApp.app */;
			productType = "com.apple.product-type.application";
		};
		7AFC31C52728112000A8315F /* AdvancedMovieAppTests */ = {
			isa = PBXNativeTarget;
			buildConfigurationList = 7AFC31DD2728112000A8315F /* Build configuration list for PBXNativeTarget "AdvancedMovieAppTests" */;
			buildPhases = (
				7AFC31C22728112000A8315F /* Sources */,
				7AFC31C32728112000A8315F /* Frameworks */,
				7AFC31C42728112000A8315F /* Resources */,
			);
			buildRules = (
			);
			dependencies = (
				7AFC31C82728112000A8315F /* PBXTargetDependency */,
			);
			name = AdvancedMovieAppTests;
			productName = AdvancedMovieAppTests;
			productReference = 7AFC31C62728112000A8315F /* AdvancedMovieAppTests.xctest */;
			productType = "com.apple.product-type.bundle.unit-test";
		};
		7AFC31D02728112000A8315F /* AdvancedMovieAppUITests */ = {
			isa = PBXNativeTarget;
			buildConfigurationList = 7AFC31E02728112000A8315F /* Build configuration list for PBXNativeTarget "AdvancedMovieAppUITests" */;
			buildPhases = (
				7AFC31CD2728112000A8315F /* Sources */,
				7AFC31CE2728112000A8315F /* Frameworks */,
				7AFC31CF2728112000A8315F /* Resources */,
			);
			buildRules = (
			);
			dependencies = (
				7AFC31D32728112000A8315F /* PBXTargetDependency */,
			);
			name = AdvancedMovieAppUITests;
			productName = AdvancedMovieAppUITests;
			productReference = 7AFC31D12728112000A8315F /* AdvancedMovieAppUITests.xctest */;
			productType = "com.apple.product-type.bundle.ui-testing";
		};
/* End PBXNativeTarget section */

/* Begin PBXProject section */
		7AFC31A82728111E00A8315F /* Project object */ = {
			isa = PBXProject;
			attributes = {
				LastSwiftUpdateCheck = 1250;
				LastUpgradeCheck = 1250;
				TargetAttributes = {
					7AFC31AF2728111E00A8315F = {
						CreatedOnToolsVersion = 12.5.1;
					};
					7AFC31C52728112000A8315F = {
						CreatedOnToolsVersion = 12.5.1;
						TestTargetID = 7AFC31AF2728111E00A8315F;
					};
					7AFC31D02728112000A8315F = {
						CreatedOnToolsVersion = 12.5.1;
						TestTargetID = 7AFC31AF2728111E00A8315F;
					};
				};
			};
			buildConfigurationList = 7AFC31AB2728111E00A8315F /* Build configuration list for PBXProject "AdvancedMovieApp" */;
			compatibilityVersion = "Xcode 9.3";
			developmentRegion = en;
			hasScannedForEncodings = 0;
			knownRegions = (
				en,
				Base,
			);
			mainGroup = 7AFC31A72728111E00A8315F;
			packageReferences = (
				7AFC31FB2728136E00A8315F /* XCRemoteSwiftPackageReference "RxSwift" */,
				7A0B8EAD272ABB7800444636 /* XCRemoteSwiftPackageReference "Kingfisher" */,
			);
			productRefGroup = 7AFC31B12728111E00A8315F /* Products */;
			projectDirPath = "";
			projectRoot = "";
			targets = (
				7AFC31AF2728111E00A8315F /* AdvancedMovieApp */,
				7AFC31C52728112000A8315F /* AdvancedMovieAppTests */,
				7AFC31D02728112000A8315F /* AdvancedMovieAppUITests */,
			);
		};
/* End PBXProject section */

/* Begin PBXResourcesBuildPhase section */
		7AFC31AE2728111E00A8315F /* Resources */ = {
			isa = PBXResourcesBuildPhase;
			buildActionMask = 2147483647;
			files = (
				7AFC31C02728112000A8315F /* LaunchScreen.storyboard in Resources */,
				7AFC31BD2728112000A8315F /* Assets.xcassets in Resources */,
			);
			runOnlyForDeploymentPostprocessing = 0;
		};
		7AFC31C42728112000A8315F /* Resources */ = {
			isa = PBXResourcesBuildPhase;
			buildActionMask = 2147483647;
			files = (
			);
			runOnlyForDeploymentPostprocessing = 0;
		};
		7AFC31CF2728112000A8315F /* Resources */ = {
			isa = PBXResourcesBuildPhase;
			buildActionMask = 2147483647;
			files = (
			);
			runOnlyForDeploymentPostprocessing = 0;
		};
/* End PBXResourcesBuildPhase section */

/* Begin PBXSourcesBuildPhase section */
		7AFC31AC2728111E00A8315F /* Sources */ = {
			isa = PBXSourcesBuildPhase;
			buildActionMask = 2147483647;
			files = (
				7A41C2B82734509700906086 /* URLRequest+Extensions.swift in Sources */,
				7A41C2822733D65A00906086 /* MovieDetailViewModel.swift in Sources */,
				7A41C26E2733D65A00906086 /* MainScreenApi.swift in Sources */,
				7A41C2792733D65A00906086 /* UIStackView+Extensions.swift in Sources */,
				7A41C2742733D65A00906086 /* UILabel+Extension.swift in Sources */,
				7A41C2B92734509700906086 /* URL+Extensions.swift in Sources */,
				7A41C2862733D65A00906086 /* MovieDetailApi.swift in Sources */,
				7A41C2852733D65A00906086 /* MovieDetailViewController.swift in Sources */,
				7A41C26C2733D65A00906086 /* MainPageViewController.swift in Sources */,
				7A41C2812733D65A00906086 /* PersonDetailView.swift in Sources */,
				7A41C27A2733D65A00906086 /* Optional+Extensions.swift in Sources */,
				7A41C2732733D65A00906086 /* UIView+Extensions.swift in Sources */,
				7A41C2722733D65A00906086 /* UIColor+Extension.swift in Sources */,
				7A41C26A2733D65A00906086 /* MovieViewModel.swift in Sources */,
				7A41C2712733D65A00906086 /* UIViewController+Extensions.swift in Sources */,
				7A41C26B2733D65A00906086 /* MovieListTableViewCell.swift in Sources */,
				7A41C2842733D65A00906086 /* MovieDetailBuilder.swift in Sources */,
				7A41C27D2733D65A00906086 /* PersonDetailCollectionViewCell.swift in Sources */,
				7A41C2882733D65A00906086 /* SearchBar.swift in Sources */,
				7AFC31EA272811C700A8315F /* AppContainer.swift in Sources */,
				7A41C2BC2734509700906086 /* PersonCastResults.swift in Sources */,
				7A41C2C12734509700906086 /* CastResults.swift in Sources */,
				7A41C2BE2734509700906086 /* MovieResults.swift in Sources */,
				7A41C2832733D65A00906086 /* MovieDetailCollectionViewCell.swift in Sources */,
				7A41C2762733D65A00906086 /* UISearchBar+Extensions.swift in Sources */,
				7A41C27C2733D65A00906086 /* PersonDetailViewModel.swift in Sources */,
				7A41C2C02734509700906086 /* Video.swift in Sources */,
				7A41C2772733D65A00906086 /* UICollectionView+Extension.swift in Sources */,
				7AFC31B42728111E00A8315F /* AppDelegate.swift in Sources */,
				7A41C2752733D65A00906086 /* UIButton+Extension.swift in Sources */,
				7A41C2BD2734509700906086 /* Cast.swift in Sources */,
				7A41C2802733D65A00906086 /* PersonDetailApi.swift in Sources */,
				7A41C2872733D65A00906086 /* MovieDetailView.swift in Sources */,
				7A41C26D2733D65A00906086 /* MainScreenBuilder.swift in Sources */,
				7A41C2BA2734509700906086 /* Movie.swift in Sources */,
				7A41C2BF2734509700906086 /* MultiSearch.swift in Sources */,
				7A41C2BB2734509700906086 /* Person.swift in Sources */,
				7AFC31EC272811D200A8315F /* AppRouter.swift in Sources */,
				7A41C27F2733D65A00906086 /* PersonDetailBuilder.swift in Sources */,
				7A41C27E2733D65A00906086 /* PersonDetailViewController.swift in Sources */,
				7A41C2782733D65A00906086 /* NSObject+Extensions.swift in Sources */,
				7AFC31B62728111E00A8315F /* SceneDelegate.swift in Sources */,
				7A41C2702733D65A00906086 /* UIImageView+Extension.swift in Sources */,
				7A41C26F2733D65A00906086 /* MainScreenView.swift in Sources */,
				7A41C27B2733D65A00906086 /* UITableView+Extension.swift in Sources */,
			);
			runOnlyForDeploymentPostprocessing = 0;
		};
		7AFC31C22728112000A8315F /* Sources */ = {
			isa = PBXSourcesBuildPhase;
			buildActionMask = 2147483647;
			files = (
				7AFC31CB2728112000A8315F /* AdvancedMovieAppTests.swift in Sources */,
			);
			runOnlyForDeploymentPostprocessing = 0;
		};
		7AFC31CD2728112000A8315F /* Sources */ = {
			isa = PBXSourcesBuildPhase;
			buildActionMask = 2147483647;
			files = (
				7AFC31D62728112000A8315F /* AdvancedMovieAppUITests.swift in Sources */,
			);
			runOnlyForDeploymentPostprocessing = 0;
		};
/* End PBXSourcesBuildPhase section */

/* Begin PBXTargetDependency section */
		7AFC31C82728112000A8315F /* PBXTargetDependency */ = {
			isa = PBXTargetDependency;
			target = 7AFC31AF2728111E00A8315F /* AdvancedMovieApp */;
			targetProxy = 7AFC31C72728112000A8315F /* PBXContainerItemProxy */;
		};
		7AFC31D32728112000A8315F /* PBXTargetDependency */ = {
			isa = PBXTargetDependency;
			target = 7AFC31AF2728111E00A8315F /* AdvancedMovieApp */;
			targetProxy = 7AFC31D22728112000A8315F /* PBXContainerItemProxy */;
		};
/* End PBXTargetDependency section */

/* Begin PBXVariantGroup section */
		7AFC31BE2728112000A8315F /* LaunchScreen.storyboard */ = {
			isa = PBXVariantGroup;
			children = (
				7AFC31BF2728112000A8315F /* Base */,
			);
			name = LaunchScreen.storyboard;
			sourceTree = "<group>";
		};
/* End PBXVariantGroup section */

/* Begin XCBuildConfiguration section */
		7AFC31D82728112000A8315F /* Debug */ = {
			isa = XCBuildConfiguration;
			buildSettings = {
				ALWAYS_SEARCH_USER_PATHS = NO;
				CLANG_ANALYZER_NONNULL = YES;
				CLANG_ANALYZER_NUMBER_OBJECT_CONVERSION = YES_AGGRESSIVE;
				CLANG_CXX_LANGUAGE_STANDARD = "gnu++14";
				CLANG_CXX_LIBRARY = "libc++";
				CLANG_ENABLE_MODULES = YES;
				CLANG_ENABLE_OBJC_ARC = YES;
				CLANG_ENABLE_OBJC_WEAK = YES;
				CLANG_WARN_BLOCK_CAPTURE_AUTORELEASING = YES;
				CLANG_WARN_BOOL_CONVERSION = YES;
				CLANG_WARN_COMMA = YES;
				CLANG_WARN_CONSTANT_CONVERSION = YES;
				CLANG_WARN_DEPRECATED_OBJC_IMPLEMENTATIONS = YES;
				CLANG_WARN_DIRECT_OBJC_ISA_USAGE = YES_ERROR;
				CLANG_WARN_DOCUMENTATION_COMMENTS = YES;
				CLANG_WARN_EMPTY_BODY = YES;
				CLANG_WARN_ENUM_CONVERSION = YES;
				CLANG_WARN_INFINITE_RECURSION = YES;
				CLANG_WARN_INT_CONVERSION = YES;
				CLANG_WARN_NON_LITERAL_NULL_CONVERSION = YES;
				CLANG_WARN_OBJC_IMPLICIT_RETAIN_SELF = YES;
				CLANG_WARN_OBJC_LITERAL_CONVERSION = YES;
				CLANG_WARN_OBJC_ROOT_CLASS = YES_ERROR;
				CLANG_WARN_QUOTED_INCLUDE_IN_FRAMEWORK_HEADER = YES;
				CLANG_WARN_RANGE_LOOP_ANALYSIS = YES;
				CLANG_WARN_STRICT_PROTOTYPES = YES;
				CLANG_WARN_SUSPICIOUS_MOVE = YES;
				CLANG_WARN_UNGUARDED_AVAILABILITY = YES_AGGRESSIVE;
				CLANG_WARN_UNREACHABLE_CODE = YES;
				CLANG_WARN__DUPLICATE_METHOD_MATCH = YES;
				COPY_PHASE_STRIP = NO;
				DEBUG_INFORMATION_FORMAT = dwarf;
				ENABLE_STRICT_OBJC_MSGSEND = YES;
				ENABLE_TESTABILITY = YES;
				GCC_C_LANGUAGE_STANDARD = gnu11;
				GCC_DYNAMIC_NO_PIC = NO;
				GCC_NO_COMMON_BLOCKS = YES;
				GCC_OPTIMIZATION_LEVEL = 0;
				GCC_PREPROCESSOR_DEFINITIONS = (
					"DEBUG=1",
					"$(inherited)",
				);
				GCC_WARN_64_TO_32_BIT_CONVERSION = YES;
				GCC_WARN_ABOUT_RETURN_TYPE = YES_ERROR;
				GCC_WARN_UNDECLARED_SELECTOR = YES;
				GCC_WARN_UNINITIALIZED_AUTOS = YES_AGGRESSIVE;
				GCC_WARN_UNUSED_FUNCTION = YES;
				GCC_WARN_UNUSED_VARIABLE = YES;
				IPHONEOS_DEPLOYMENT_TARGET = 13.0;
				MTL_ENABLE_DEBUG_INFO = INCLUDE_SOURCE;
				MTL_FAST_MATH = YES;
				ONLY_ACTIVE_ARCH = YES;
				SDKROOT = iphoneos;
				SWIFT_ACTIVE_COMPILATION_CONDITIONS = DEBUG;
				SWIFT_OPTIMIZATION_LEVEL = "-Onone";
			};
			name = Debug;
		};
		7AFC31D92728112000A8315F /* Release */ = {
			isa = XCBuildConfiguration;
			buildSettings = {
				ALWAYS_SEARCH_USER_PATHS = NO;
				CLANG_ANALYZER_NONNULL = YES;
				CLANG_ANALYZER_NUMBER_OBJECT_CONVERSION = YES_AGGRESSIVE;
				CLANG_CXX_LANGUAGE_STANDARD = "gnu++14";
				CLANG_CXX_LIBRARY = "libc++";
				CLANG_ENABLE_MODULES = YES;
				CLANG_ENABLE_OBJC_ARC = YES;
				CLANG_ENABLE_OBJC_WEAK = YES;
				CLANG_WARN_BLOCK_CAPTURE_AUTORELEASING = YES;
				CLANG_WARN_BOOL_CONVERSION = YES;
				CLANG_WARN_COMMA = YES;
				CLANG_WARN_CONSTANT_CONVERSION = YES;
				CLANG_WARN_DEPRECATED_OBJC_IMPLEMENTATIONS = YES;
				CLANG_WARN_DIRECT_OBJC_ISA_USAGE = YES_ERROR;
				CLANG_WARN_DOCUMENTATION_COMMENTS = YES;
				CLANG_WARN_EMPTY_BODY = YES;
				CLANG_WARN_ENUM_CONVERSION = YES;
				CLANG_WARN_INFINITE_RECURSION = YES;
				CLANG_WARN_INT_CONVERSION = YES;
				CLANG_WARN_NON_LITERAL_NULL_CONVERSION = YES;
				CLANG_WARN_OBJC_IMPLICIT_RETAIN_SELF = YES;
				CLANG_WARN_OBJC_LITERAL_CONVERSION = YES;
				CLANG_WARN_OBJC_ROOT_CLASS = YES_ERROR;
				CLANG_WARN_QUOTED_INCLUDE_IN_FRAMEWORK_HEADER = YES;
				CLANG_WARN_RANGE_LOOP_ANALYSIS = YES;
				CLANG_WARN_STRICT_PROTOTYPES = YES;
				CLANG_WARN_SUSPICIOUS_MOVE = YES;
				CLANG_WARN_UNGUARDED_AVAILABILITY = YES_AGGRESSIVE;
				CLANG_WARN_UNREACHABLE_CODE = YES;
				CLANG_WARN__DUPLICATE_METHOD_MATCH = YES;
				COPY_PHASE_STRIP = NO;
				DEBUG_INFORMATION_FORMAT = "dwarf-with-dsym";
				ENABLE_NS_ASSERTIONS = NO;
				ENABLE_STRICT_OBJC_MSGSEND = YES;
				GCC_C_LANGUAGE_STANDARD = gnu11;
				GCC_NO_COMMON_BLOCKS = YES;
				GCC_WARN_64_TO_32_BIT_CONVERSION = YES;
				GCC_WARN_ABOUT_RETURN_TYPE = YES_ERROR;
				GCC_WARN_UNDECLARED_SELECTOR = YES;
				GCC_WARN_UNINITIALIZED_AUTOS = YES_AGGRESSIVE;
				GCC_WARN_UNUSED_FUNCTION = YES;
				GCC_WARN_UNUSED_VARIABLE = YES;
				IPHONEOS_DEPLOYMENT_TARGET = 13.0;
				MTL_ENABLE_DEBUG_INFO = NO;
				MTL_FAST_MATH = YES;
				SDKROOT = iphoneos;
				SWIFT_COMPILATION_MODE = wholemodule;
				SWIFT_OPTIMIZATION_LEVEL = "-O";
				VALIDATE_PRODUCT = YES;
			};
			name = Release;
		};
		7AFC31DB2728112000A8315F /* Debug */ = {
			isa = XCBuildConfiguration;
			buildSettings = {
				ASSETCATALOG_COMPILER_APPICON_NAME = AppIcon;
				ASSETCATALOG_COMPILER_GLOBAL_ACCENT_COLOR_NAME = AccentColor;
				CODE_SIGN_STYLE = Automatic;
				INFOPLIST_FILE = AdvancedMovieApp/Info.plist;
				LD_RUNPATH_SEARCH_PATHS = (
					"$(inherited)",
					"@executable_path/Frameworks",
				);
				PRODUCT_BUNDLE_IDENTIFIER = learnings.AdvancedMovieApp;
				PRODUCT_NAME = "$(TARGET_NAME)";
				SWIFT_VERSION = 5.0;
				TARGETED_DEVICE_FAMILY = "1,2";
			};
			name = Debug;
		};
		7AFC31DC2728112000A8315F /* Release */ = {
			isa = XCBuildConfiguration;
			buildSettings = {
				ASSETCATALOG_COMPILER_APPICON_NAME = AppIcon;
				ASSETCATALOG_COMPILER_GLOBAL_ACCENT_COLOR_NAME = AccentColor;
				CODE_SIGN_STYLE = Automatic;
				INFOPLIST_FILE = AdvancedMovieApp/Info.plist;
				LD_RUNPATH_SEARCH_PATHS = (
					"$(inherited)",
					"@executable_path/Frameworks",
				);
				PRODUCT_BUNDLE_IDENTIFIER = learnings.AdvancedMovieApp;
				PRODUCT_NAME = "$(TARGET_NAME)";
				SWIFT_VERSION = 5.0;
				TARGETED_DEVICE_FAMILY = "1,2";
			};
			name = Release;
		};
		7AFC31DE2728112000A8315F /* Debug */ = {
			isa = XCBuildConfiguration;
			buildSettings = {
				ALWAYS_EMBED_SWIFT_STANDARD_LIBRARIES = YES;
				BUNDLE_LOADER = "$(TEST_HOST)";
				CODE_SIGN_STYLE = Automatic;
				INFOPLIST_FILE = AdvancedMovieAppTests/Info.plist;
				IPHONEOS_DEPLOYMENT_TARGET = 14.5;
				LD_RUNPATH_SEARCH_PATHS = (
					"$(inherited)",
					"@executable_path/Frameworks",
					"@loader_path/Frameworks",
				);
				PRODUCT_BUNDLE_IDENTIFIER = learnings.AdvancedMovieAppTests;
				PRODUCT_NAME = "$(TARGET_NAME)";
				SWIFT_VERSION = 5.0;
				TARGETED_DEVICE_FAMILY = "1,2";
				TEST_HOST = "$(BUILT_PRODUCTS_DIR)/AdvancedMovieApp.app/AdvancedMovieApp";
			};
			name = Debug;
		};
		7AFC31DF2728112000A8315F /* Release */ = {
			isa = XCBuildConfiguration;
			buildSettings = {
				ALWAYS_EMBED_SWIFT_STANDARD_LIBRARIES = YES;
				BUNDLE_LOADER = "$(TEST_HOST)";
				CODE_SIGN_STYLE = Automatic;
				INFOPLIST_FILE = AdvancedMovieAppTests/Info.plist;
				IPHONEOS_DEPLOYMENT_TARGET = 14.5;
				LD_RUNPATH_SEARCH_PATHS = (
					"$(inherited)",
					"@executable_path/Frameworks",
					"@loader_path/Frameworks",
				);
				PRODUCT_BUNDLE_IDENTIFIER = learnings.AdvancedMovieAppTests;
				PRODUCT_NAME = "$(TARGET_NAME)";
				SWIFT_VERSION = 5.0;
				TARGETED_DEVICE_FAMILY = "1,2";
				TEST_HOST = "$(BUILT_PRODUCTS_DIR)/AdvancedMovieApp.app/AdvancedMovieApp";
			};
			name = Release;
		};
		7AFC31E12728112000A8315F /* Debug */ = {
			isa = XCBuildConfiguration;
			buildSettings = {
				ALWAYS_EMBED_SWIFT_STANDARD_LIBRARIES = YES;
				CODE_SIGN_STYLE = Automatic;
				INFOPLIST_FILE = AdvancedMovieAppUITests/Info.plist;
				LD_RUNPATH_SEARCH_PATHS = (
					"$(inherited)",
					"@executable_path/Frameworks",
					"@loader_path/Frameworks",
				);
				PRODUCT_BUNDLE_IDENTIFIER = learnings.AdvancedMovieAppUITests;
				PRODUCT_NAME = "$(TARGET_NAME)";
				SWIFT_VERSION = 5.0;
				TARGETED_DEVICE_FAMILY = "1,2";
				TEST_TARGET_NAME = AdvancedMovieApp;
			};
			name = Debug;
		};
		7AFC31E22728112000A8315F /* Release */ = {
			isa = XCBuildConfiguration;
			buildSettings = {
				ALWAYS_EMBED_SWIFT_STANDARD_LIBRARIES = YES;
				CODE_SIGN_STYLE = Automatic;
				INFOPLIST_FILE = AdvancedMovieAppUITests/Info.plist;
				LD_RUNPATH_SEARCH_PATHS = (
					"$(inherited)",
					"@executable_path/Frameworks",
					"@loader_path/Frameworks",
				);
				PRODUCT_BUNDLE_IDENTIFIER = learnings.AdvancedMovieAppUITests;
				PRODUCT_NAME = "$(TARGET_NAME)";
				SWIFT_VERSION = 5.0;
				TARGETED_DEVICE_FAMILY = "1,2";
				TEST_TARGET_NAME = AdvancedMovieApp;
			};
			name = Release;
		};
/* End XCBuildConfiguration section */

/* Begin XCConfigurationList section */
		7AFC31AB2728111E00A8315F /* Build configuration list for PBXProject "AdvancedMovieApp" */ = {
			isa = XCConfigurationList;
			buildConfigurations = (
				7AFC31D82728112000A8315F /* Debug */,
				7AFC31D92728112000A8315F /* Release */,
			);
			defaultConfigurationIsVisible = 0;
			defaultConfigurationName = Release;
		};
		7AFC31DA2728112000A8315F /* Build configuration list for PBXNativeTarget "AdvancedMovieApp" */ = {
			isa = XCConfigurationList;
			buildConfigurations = (
				7AFC31DB2728112000A8315F /* Debug */,
				7AFC31DC2728112000A8315F /* Release */,
			);
			defaultConfigurationIsVisible = 0;
			defaultConfigurationName = Release;
		};
		7AFC31DD2728112000A8315F /* Build configuration list for PBXNativeTarget "AdvancedMovieAppTests" */ = {
			isa = XCConfigurationList;
			buildConfigurations = (
				7AFC31DE2728112000A8315F /* Debug */,
				7AFC31DF2728112000A8315F /* Release */,
			);
			defaultConfigurationIsVisible = 0;
			defaultConfigurationName = Release;
		};
		7AFC31E02728112000A8315F /* Build configuration list for PBXNativeTarget "AdvancedMovieAppUITests" */ = {
			isa = XCConfigurationList;
			buildConfigurations = (
				7AFC31E12728112000A8315F /* Debug */,
				7AFC31E22728112000A8315F /* Release */,
			);
			defaultConfigurationIsVisible = 0;
			defaultConfigurationName = Release;
		};
/* End XCConfigurationList section */

/* Begin XCRemoteSwiftPackageReference section */
		7A0B8EAD272ABB7800444636 /* XCRemoteSwiftPackageReference "Kingfisher" */ = {
			isa = XCRemoteSwiftPackageReference;
			repositoryURL = "https://github.com/onevcat/Kingfisher.git";
			requirement = {
				kind = upToNextMajorVersion;
				minimumVersion = 7.1.1;
			};
		};
		7AFC31FB2728136E00A8315F /* XCRemoteSwiftPackageReference "RxSwift" */ = {
			isa = XCRemoteSwiftPackageReference;
			repositoryURL = "https://github.com/ReactiveX/RxSwift.git";
			requirement = {
				kind = upToNextMajorVersion;
				minimumVersion = 6.2.0;
			};
		};
/* End XCRemoteSwiftPackageReference section */

/* Begin XCSwiftPackageProductDependency section */
		7A0B8EAE272ABB7800444636 /* Kingfisher */ = {
			isa = XCSwiftPackageProductDependency;
			package = 7A0B8EAD272ABB7800444636 /* XCRemoteSwiftPackageReference "Kingfisher" */;
			productName = Kingfisher;
		};
		7AFC31FC2728136E00A8315F /* RxCocoa */ = {
			isa = XCSwiftPackageProductDependency;
			package = 7AFC31FB2728136E00A8315F /* XCRemoteSwiftPackageReference "RxSwift" */;
			productName = RxCocoa;
		};
		7AFC31FE2728136E00A8315F /* RxSwift */ = {
			isa = XCSwiftPackageProductDependency;
			package = 7AFC31FB2728136E00A8315F /* XCRemoteSwiftPackageReference "RxSwift" */;
			productName = RxSwift;
		};
/* End XCSwiftPackageProductDependency section */
	};
	rootObject = 7AFC31A82728111E00A8315F /* Project object */;
}
